
Microsoft Visual Studio Solution File, Format Version 12.00
# Visual Studio Version 17
VisualStudioVersion = 17.1.32319.34
MinimumVisualStudioVersion = 10.0.40219.1
Project("{9A19103F-16F7-4668-BE54-9A1E7A4F7556}") = "TqkLibrary.Scrcpy", "TqkLibrary.Scrcpy\TqkLibrary.Scrcpy.csproj", "{0F8B38B4-8893-415B-BD8E-5E9EC076631C}"
	ProjectSection(ProjectDependencies) = postProject
		{3D31EA18-664A-4F98-8A70-1CBF2247D5DA} = {3D31EA18-664A-4F98-8A70-1CBF2247D5DA}
	EndProjectSection
EndProject
Project("{8BC9CEB8-8B4A-11D0-8D11-00A0C91BC942}") = "TqkLibrary.ScrcpyNative", "TqkLibrary.ScrcpyNative\TqkLibrary.ScrcpyNative.vcxproj", "{3D31EA18-664A-4F98-8A70-1CBF2247D5DA}"
EndProject
Project("{9A19103F-16F7-4668-BE54-9A1E7A4F7556}") = "TestConsole", "TestConsole\TestConsole.csproj", "{64C66D02-73F0-4BA9-BDD8-1AAA6E016F64}"
EndProject
Global
	GlobalSection(SolutionConfigurationPlatforms) = preSolution
		Debug|x64 = Debug|x64
		Release|x64 = Release|x64
	EndGlobalSection
	GlobalSection(ProjectConfigurationPlatforms) = postSolution
		{0F8B38B4-8893-415B-BD8E-5E9EC076631C}.Debug|x64.ActiveCfg = Debug|Any CPU
		{0F8B38B4-8893-415B-BD8E-5E9EC076631C}.Debug|x64.Build.0 = Debug|Any CPU
		{0F8B38B4-8893-415B-BD8E-5E9EC076631C}.Release|x64.ActiveCfg = Release|Any CPU
		{0F8B38B4-8893-415B-BD8E-5E9EC076631C}.Release|x64.Build.0 = Release|Any CPU
		{3D31EA18-664A-4F98-8A70-1CBF2247D5DA}.Debug|x64.ActiveCfg = Debug|x64
		{3D31EA18-664A-4F98-8A70-1CBF2247D5DA}.Debug|x64.Build.0 = Debug|x64
		{3D31EA18-664A-4F98-8A70-1CBF2247D5DA}.Release|x64.ActiveCfg = Release|x64
		{3D31EA18-664A-4F98-8A70-1CBF2247D5DA}.Release|x64.Build.0 = Release|x64
		{64C66D02-73F0-4BA9-BDD8-1AAA6E016F64}.Debug|x64.ActiveCfg = Debug|x64
		{64C66D02-73F0-4BA9-BDD8-1AAA6E016F64}.Debug|x64.Build.0 = Debug|x64
		{64C66D02-73F0-4BA9-BDD8-1AAA6E016F64}.Release|x64.ActiveCfg = Release|x64
	EndGlobalSection
	GlobalSection(SolutionProperties) = preSolution
		HideSolutionNode = FALSE
	EndGlobalSection
	GlobalSection(ExtensibilityGlobals) = postSolution
		SolutionGuid = {12FE0CF4-283D-4919-AB8D-ACF0ED9C0CAC}
	EndGlobalSection
EndGlobal
