<?xml version="1.0" encoding="utf-8"?>
<Project ToolsVersion="4.0" xmlns="http://schemas.microsoft.com/developer/msbuild/2003">
  <ItemGroup>
    <Filter Include="Source Files">
      <UniqueIdentifier>{4FC737F1-C7A5-4376-A066-2A32D752A2FF}</UniqueIdentifier>
      <Extensions>cpp;c;cc;cxx;c++;cppm;ixx;def;odl;idl;hpj;bat;asm;asmx</Extensions>
    </Filter>
    <Filter Include="Header Files">
      <UniqueIdentifier>{93995380-89BD-4b04-88EB-625FBE52EBFB}</UniqueIdentifier>
      <Extensions>h;hh;hpp;hxx;h++;hm;inl;inc;ipp;xsd</Extensions>
    </Filter>
    <Filter Include="Resource Files">
      <UniqueIdentifier>{67DA6AB6-F800-4c08-8B7A-83BB121AAD01}</UniqueIdentifier>
      <Extensions>rc;ico;cur;bmp;dlg;rc2;rct;bin;rgs;gif;jpg;jpeg;jpe;resx;tiff;tif;png;wav;mfcribbon-ms</Extensions>
    </Filter>
    <Filter Include="D3D11">
      <UniqueIdentifier>{a000a0e3-9f7f-4d95-b17c-b9c598163b7e}</UniqueIdentifier>
    </Filter>
    <Filter Include="D3D11\Header Files">
      <UniqueIdentifier>{a5a4ceef-67ba-487a-b2d9-02d44afe446c}</UniqueIdentifier>
    </Filter>
    <Filter Include="D3D11\Source Files">
      <UniqueIdentifier>{3a1786d8-b68b-4a54-9fc9-48fa075e9114}</UniqueIdentifier>
    </Filter>
    <Filter Include="Scrcpy">
      <UniqueIdentifier>{68c40e44-3be9-472b-92e7-3b15cb90e21f}</UniqueIdentifier>
    </Filter>
    <Filter Include="Scrcpy\Header Files">
      <UniqueIdentifier>{eb9743ee-040d-4e3a-9fad-f3ebcde9c0f5}</UniqueIdentifier>
    </Filter>
    <Filter Include="Scrcpy\Source Files">
      <UniqueIdentifier>{baa9bbd6-d670-4f3c-940f-c43d61bc3156}</UniqueIdentifier>
    </Filter>
  </ItemGroup>
  <ItemGroup>
    <ClInclude Include="pch.h">
      <Filter>Header Files</Filter>
    </ClInclude>
    <ClInclude Include="libav.h">
      <Filter>Header Files</Filter>
    </ClInclude>
    <ClInclude Include="opengl.h">
      <Filter>Header Files</Filter>
    </ClInclude>
    <ClInclude Include="Utils.h">
      <Filter>Header Files</Filter>
    </ClInclude>
    <ClInclude Include="Exports.h">
      <Filter>Header Files</Filter>
    </ClInclude>
    <ClInclude Include="ProcessWrapper.h">
      <Filter>Header Files</Filter>
    </ClInclude>
    <ClInclude Include="SocketWrapper.h">
      <Filter>Header Files</Filter>
    </ClInclude>
    <ClInclude Include="Control.h">
      <Filter>Scrcpy\Header Files</Filter>
    </ClInclude>
    <ClInclude Include="FrameConventer.h">
      <Filter>Scrcpy\Header Files</Filter>
    </ClInclude>
    <ClInclude Include="MediaDecoder.h">
      <Filter>Scrcpy\Header Files</Filter>
    </ClInclude>
    <ClInclude Include="ParsePacket.h">
      <Filter>Scrcpy\Header Files</Filter>
    </ClInclude>
    <ClInclude Include="ScrcpyInstance.h">
      <Filter>Scrcpy\Header Files</Filter>
    </ClInclude>
    <ClInclude Include="ScrcpyNativeConfig.h">
      <Filter>Scrcpy\Header Files</Filter>
    </ClInclude>
    <ClInclude Include="Video.h">
      <Filter>Scrcpy\Header Files</Filter>
    </ClInclude>
    <ClInclude Include="Scrcpy.h">
      <Filter>Scrcpy\Header Files</Filter>
    </ClInclude>
    <ClInclude Include="RenderTextureClass.h">
      <Filter>D3D11\Header Files</Filter>
    </ClInclude>
    <ClInclude Include="D3DClass.h">
      <Filter>D3D11\Header Files</Filter>
    </ClInclude>
    <ClInclude Include="VertexShaderClass.h">
      <Filter>D3D11\Header Files</Filter>
    </ClInclude>
    <ClInclude Include="PixelShaderNv12ToRgbaClass.h">
      <Filter>D3D11\Header Files</Filter>
    </ClInclude>
    <ClInclude Include="InputTextureNv12Class.h">
      <Filter>D3D11\Header Files</Filter>
    </ClInclude>
    <ClInclude Include="D3D11Header.h">
      <Filter>Header Files</Filter>
    </ClInclude>
    <ClInclude Include="PixelShaderNv12ToBgraClass.h">
      <Filter>D3D11\Header Files</Filter>
    </ClInclude>
    <ClInclude Include="RenderTextureSurfaceClass.h">
      <Filter>D3D11\Header Files</Filter>
    </ClInclude>
    <ClInclude Include="D3DImageView.h">
      <Filter>D3D11\Header Files</Filter>
    </ClInclude>
  </ItemGroup>
  <ItemGroup>
    <ClCompile Include="dllmain.cpp">
      <Filter>Source Files</Filter>
    </ClCompile>
    <ClCompile Include="pch.cpp">
      <Filter>Source Files</Filter>
    </ClCompile>
    <ClCompile Include="Exports.cpp">
      <Filter>Source Files</Filter>
    </ClCompile>
    <ClCompile Include="ProcessWrapper.cpp">
      <Filter>Source Files</Filter>
    </ClCompile>
    <ClCompile Include="SocketWrapper.cpp">
      <Filter>Source Files</Filter>
    </ClCompile>
    <ClCompile Include="Scrcpy.cpp">
      <Filter>Scrcpy\Source Files</Filter>
    </ClCompile>
    <ClCompile Include="Video.cpp">
      <Filter>Scrcpy\Source Files</Filter>
    </ClCompile>
    <ClCompile Include="ParsePacket.cpp">
      <Filter>Scrcpy\Source Files</Filter>
    </ClCompile>
    <ClCompile Include="ScrcpyInstance.cpp">
      <Filter>Scrcpy\Source Files</Filter>
    </ClCompile>
    <ClCompile Include="MediaDecoder.cpp">
      <Filter>Scrcpy\Source Files</Filter>
    </ClCompile>
    <ClCompile Include="FrameConventer.cpp">
      <Filter>Scrcpy\Source Files</Filter>
    </ClCompile>
    <ClCompile Include="Control.cpp">
      <Filter>Scrcpy\Source Files</Filter>
    </ClCompile>
    <ClCompile Include="RenderTextureClass.cpp">
      <Filter>D3D11\Source Files</Filter>
    </ClCompile>
    <ClCompile Include="D3DClass.cpp">
      <Filter>D3D11\Source Files</Filter>
    </ClCompile>
    <ClCompile Include="VertexShaderClass.cpp">
      <Filter>D3D11\Source Files</Filter>
    </ClCompile>
    <ClCompile Include="PixelShaderNv12ToRgbaClass.cpp">
      <Filter>D3D11\Source Files</Filter>
    </ClCompile>
    <ClCompile Include="InputTextureNv12Class.cpp">
      <Filter>D3D11\Source Files</Filter>
    </ClCompile>
    <ClCompile Include="PixelShaderNv12ToBgraClass.cpp">
      <Filter>D3D11\Source Files</Filter>
    </ClCompile>
    <ClCompile Include="RenderTextureSurfaceClass.cpp">
      <Filter>D3D11\Source Files</Filter>
    </ClCompile>
    <ClCompile Include="D3DImageView.cpp">
      <Filter>D3D11\Source Files</Filter>
    </ClCompile>
  </ItemGroup>
  <ItemGroup>
    <FxCompile Include="PixelShaderNv12ToRgba.hlsl">
      <Filter>Resource Files</Filter>
    </FxCompile>
    <FxCompile Include="VertexShader.hlsl">
      <Filter>Resource Files</Filter>
    </FxCompile>
    <FxCompile Include="PixelShaderNv12ToBgra.hlsl">
      <Filter>Resource Files</Filter>
    </FxCompile>
  </ItemGroup>
</Project>